// !$*UTF8*$!
{
	archiveVersion = 1;
	classes = {
	};
	objectVersion = 56;
	objects = {

/* Begin PBXBuildFile section */
		968FCBA12ACD842700BF9324 /* HeaderModel.swift in Sources */ = {isa = PBXBuildFile; fileRef = 968FCBA02ACD842700BF9324 /* HeaderModel.swift */; };
		968FCBA32ACD849000BF9324 /* HeaderData.swift in Sources */ = {isa = PBXBuildFile; fileRef = 968FCBA22ACD849000BF9324 /* HeaderData.swift */; };
		968FCBA52ACD86A900BF9324 /* DishesView.swift in Sources */ = {isa = PBXBuildFile; fileRef = 968FCBA42ACD86A900BF9324 /* DishesView.swift */; };
		968FCBA72ACD8B6600BF9324 /* FactsView.swift in Sources */ = {isa = PBXBuildFile; fileRef = 968FCBA62ACD8B6600BF9324 /* FactsView.swift */; };
		968FCBA92ACD8D5E00BF9324 /* FactModel.swift in Sources */ = {isa = PBXBuildFile; fileRef = 968FCBA82ACD8D5E00BF9324 /* FactModel.swift */; };
		968FCBAB2ACD8D9200BF9324 /* FactData.swift in Sources */ = {isa = PBXBuildFile; fileRef = 968FCBAA2ACD8D9200BF9324 /* FactData.swift */; };
		968FCBAD2ACD8F0700BF9324 /* RecipeModel.swift in Sources */ = {isa = PBXBuildFile; fileRef = 968FCBAC2ACD8F0700BF9324 /* RecipeModel.swift */; };
		968FCBAF2ACD8F5900BF9324 /* RecipeData.swift in Sources */ = {isa = PBXBuildFile; fileRef = 968FCBAE2ACD8F5900BF9324 /* RecipeData.swift */; };
		968FCBB12ACD8FAF00BF9324 /* RecipeCardView.swift in Sources */ = {isa = PBXBuildFile; fileRef = 968FCBB02ACD8FAF00BF9324 /* RecipeCardView.swift */; };
		968FCBB32ACD93AA00BF9324 /* RecipeRatingView.swift in Sources */ = {isa = PBXBuildFile; fileRef = 968FCBB22ACD93AA00BF9324 /* RecipeRatingView.swift */; };
		968FCBB52ACD941200BF9324 /* RecipeCookingView.swift in Sources */ = {isa = PBXBuildFile; fileRef = 968FCBB42ACD941200BF9324 /* RecipeCookingView.swift */; };
		968FCBB72ACD947400BF9324 /* RecipeDetailView.swift in Sources */ = {isa = PBXBuildFile; fileRef = 968FCBB62ACD947400BF9324 /* RecipeDetailView.swift */; };
		968FCBB92ACD999900BF9324 /* RipeningView.swift in Sources */ = {isa = PBXBuildFile; fileRef = 968FCBB82ACD999800BF9324 /* RipeningView.swift */; };
		968FCBBB2ACE62B300BF9324 /* RipeningModel.swift in Sources */ = {isa = PBXBuildFile; fileRef = 968FCBBA2ACE62B300BF9324 /* RipeningModel.swift */; };
		968FCBBD2ACED1C300BF9324 /* RipeningData.swift in Sources */ = {isa = PBXBuildFile; fileRef = 968FCBBC2ACED1C300BF9324 /* RipeningData.swift */; };
		96B7AD882ACCA59B0067E637 /* AvocadosApp.swift in Sources */ = {isa = PBXBuildFile; fileRef = 96B7AD872ACCA59B0067E637 /* AvocadosApp.swift */; };
		96B7AD8A2ACCA59B0067E637 /* ContentView.swift in Sources */ = {isa = PBXBuildFile; fileRef = 96B7AD892ACCA59B0067E637 /* ContentView.swift */; };
		96B7AD8C2ACCA59E0067E637 /* Assets.xcassets in Resources */ = {isa = PBXBuildFile; fileRef = 96B7AD8B2ACCA59E0067E637 /* Assets.xcassets */; };
		96B7AD8F2ACCA59E0067E637 /* Preview Assets.xcassets in Resources */ = {isa = PBXBuildFile; fileRef = 96B7AD8E2ACCA59E0067E637 /* Preview Assets.xcassets */; };
		96B7AD9B2ACCA60F0067E637 /* Avocados.txt in Resources */ = {isa = PBXBuildFile; fileRef = 96B7AD962ACCA60D0067E637 /* Avocados.txt */; };
		96B7AD9C2ACCA60F0067E637 /* RecipeData.txt in Resources */ = {isa = PBXBuildFile; fileRef = 96B7AD972ACCA60E0067E637 /* RecipeData.txt */; };
		96B7AD9D2ACCA60F0067E637 /* HeaderData.txt in Resources */ = {isa = PBXBuildFile; fileRef = 96B7AD982ACCA60E0067E637 /* HeaderData.txt */; };
		96B7AD9E2ACCA60F0067E637 /* RipeningData.txt in Resources */ = {isa = PBXBuildFile; fileRef = 96B7AD992ACCA60E0067E637 /* RipeningData.txt */; };
		96B7AD9F2ACCA60F0067E637 /* FactData.txt in Resources */ = {isa = PBXBuildFile; fileRef = 96B7AD9A2ACCA60F0067E637 /* FactData.txt */; };
		96B7ADA22ACCAACF0067E637 /* Launch Screen.storyboard in Resources */ = {isa = PBXBuildFile; fileRef = 96B7ADA12ACCAACF0067E637 /* Launch Screen.storyboard */; };
		96B7ADA52ACCAD3C0067E637 /* AvocadosView.swift in Sources */ = {isa = PBXBuildFile; fileRef = 96B7ADA42ACCAD3C0067E637 /* AvocadosView.swift */; };
		96B7ADA72ACCAD5A0067E637 /* RipeningStagesView.swift in Sources */ = {isa = PBXBuildFile; fileRef = 96B7ADA62ACCAD5A0067E637 /* RipeningStagesView.swift */; };
		96B7ADA92ACCAD710067E637 /* SettingsView.swift in Sources */ = {isa = PBXBuildFile; fileRef = 96B7ADA82ACCAD710067E637 /* SettingsView.swift */; };
		96B7ADAB2ACCAD8D0067E637 /* AppView.swift in Sources */ = {isa = PBXBuildFile; fileRef = 96B7ADAA2ACCAD8D0067E637 /* AppView.swift */; };
		96B7ADAD2ACCB2A50067E637 /* HeaderView.swift in Sources */ = {isa = PBXBuildFile; fileRef = 96B7ADAC2ACCB2A50067E637 /* HeaderView.swift */; };
/* End PBXBuildFile section */

/* Begin PBXFileReference section */
		968FCBA02ACD842700BF9324 /* HeaderModel.swift */ = {isa = PBXFileReference; lastKnownFileType = sourcecode.swift; path = HeaderModel.swift; sourceTree = "<group>"; };
		968FCBA22ACD849000BF9324 /* HeaderData.swift */ = {isa = PBXFileReference; lastKnownFileType = sourcecode.swift; path = HeaderData.swift; sourceTree = "<group>"; };
		968FCBA42ACD86A900BF9324 /* DishesView.swift */ = {isa = PBXFileReference; lastKnownFileType = sourcecode.swift; path = DishesView.swift; sourceTree = "<group>"; };
		968FCBA62ACD8B6600BF9324 /* FactsView.swift */ = {isa = PBXFileReference; lastKnownFileType = sourcecode.swift; path = FactsView.swift; sourceTree = "<group>"; };
		968FCBA82ACD8D5E00BF9324 /* FactModel.swift */ = {isa = PBXFileReference; lastKnownFileType = sourcecode.swift; path = FactModel.swift; sourceTree = "<group>"; };
		968FCBAA2ACD8D9200BF9324 /* FactData.swift */ = {isa = PBXFileReference; lastKnownFileType = sourcecode.swift; path = FactData.swift; sourceTree = "<group>"; };
		968FCBAC2ACD8F0700BF9324 /* RecipeModel.swift */ = {isa = PBXFileReference; lastKnownFileType = sourcecode.swift; path = RecipeModel.swift; sourceTree = "<group>"; };
		968FCBAE2ACD8F5900BF9324 /* RecipeData.swift */ = {isa = PBXFileReference; lastKnownFileType = sourcecode.swift; path = RecipeData.swift; sourceTree = "<group>"; };
		968FCBB02ACD8FAF00BF9324 /* RecipeCardView.swift */ = {isa = PBXFileReference; lastKnownFileType = sourcecode.swift; path = RecipeCardView.swift; sourceTree = "<group>"; };
		968FCBB22ACD93AA00BF9324 /* RecipeRatingView.swift */ = {isa = PBXFileReference; lastKnownFileType = sourcecode.swift; path = RecipeRatingView.swift; sourceTree = "<group>"; };
		968FCBB42ACD941200BF9324 /* RecipeCookingView.swift */ = {isa = PBXFileReference; lastKnownFileType = sourcecode.swift; path = RecipeCookingView.swift; sourceTree = "<group>"; };
		968FCBB62ACD947400BF9324 /* RecipeDetailView.swift */ = {isa = PBXFileReference; lastKnownFileType = sourcecode.swift; path = RecipeDetailView.swift; sourceTree = "<group>"; };
		968FCBB82ACD999800BF9324 /* RipeningView.swift */ = {isa = PBXFileReference; lastKnownFileType = sourcecode.swift; path = RipeningView.swift; sourceTree = "<group>"; };
		968FCBBA2ACE62B300BF9324 /* RipeningModel.swift */ = {isa = PBXFileReference; lastKnownFileType = sourcecode.swift; path = RipeningModel.swift; sourceTree = "<group>"; };
		968FCBBC2ACED1C300BF9324 /* RipeningData.swift */ = {isa = PBXFileReference; lastKnownFileType = sourcecode.swift; path = RipeningData.swift; sourceTree = "<group>"; };
		96B7AD842ACCA59B0067E637 /* Avocados.app */ = {isa = PBXFileReference; explicitFileType = wrapper.application; includeInIndex = 0; path = Avocados.app; sourceTree = BUILT_PRODUCTS_DIR; };
		96B7AD872ACCA59B0067E637 /* AvocadosApp.swift */ = {isa = PBXFileReference; lastKnownFileType = sourcecode.swift; path = AvocadosApp.swift; sourceTree = "<group>"; };
		96B7AD892ACCA59B0067E637 /* ContentView.swift */ = {isa = PBXFileReference; lastKnownFileType = sourcecode.swift; path = ContentView.swift; sourceTree = "<group>"; };
		96B7AD8B2ACCA59E0067E637 /* Assets.xcassets */ = {isa = PBXFileReference; lastKnownFileType = folder.assetcatalog; path = Assets.xcassets; sourceTree = "<group>"; };
		96B7AD8E2ACCA59E0067E637 /* Preview Assets.xcassets */ = {isa = PBXFileReference; lastKnownFileType = folder.assetcatalog; path = "Preview Assets.xcassets"; sourceTree = "<group>"; };
		96B7AD962ACCA60D0067E637 /* Avocados.txt */ = {isa = PBXFileReference; fileEncoding = 4; lastKnownFileType = text; path = Avocados.txt; sourceTree = "<group>"; };
		96B7AD972ACCA60E0067E637 /* RecipeData.txt */ = {isa = PBXFileReference; fileEncoding = 4; lastKnownFileType = text; path = RecipeData.txt; sourceTree = "<group>"; };
		96B7AD982ACCA60E0067E637 /* HeaderData.txt */ = {isa = PBXFileReference; fileEncoding = 4; lastKnownFileType = text; path = HeaderData.txt; sourceTree = "<group>"; };
		96B7AD992ACCA60E0067E637 /* RipeningData.txt */ = {isa = PBXFileReference; fileEncoding = 4; lastKnownFileType = text; path = RipeningData.txt; sourceTree = "<group>"; };
		96B7AD9A2ACCA60F0067E637 /* FactData.txt */ = {isa = PBXFileReference; fileEncoding = 4; lastKnownFileType = text; path = FactData.txt; sourceTree = "<group>"; };
		96B7ADA02ACCA9590067E637 /* Info.plist */ = {isa = PBXFileReference; lastKnownFileType = text.plist; path = Info.plist; sourceTree = "<group>"; };
		96B7ADA12ACCAACF0067E637 /* Launch Screen.storyboard */ = {isa = PBXFileReference; lastKnownFileType = file.storyboard; path = "Launch Screen.storyboard"; sourceTree = "<group>"; };
		96B7ADA42ACCAD3C0067E637 /* AvocadosView.swift */ = {isa = PBXFileReference; lastKnownFileType = sourcecode.swift; path = AvocadosView.swift; sourceTree = "<group>"; };
		96B7ADA62ACCAD5A0067E637 /* RipeningStagesView.swift */ = {isa = PBXFileReference; lastKnownFileType = sourcecode.swift; path = RipeningStagesView.swift; sourceTree = "<group>"; };
		96B7ADA82ACCAD710067E637 /* SettingsView.swift */ = {isa = PBXFileReference; lastKnownFileType = sourcecode.swift; path = SettingsView.swift; sourceTree = "<group>"; };
		96B7ADAA2ACCAD8D0067E637 /* AppView.swift */ = {isa = PBXFileReference; lastKnownFileType = sourcecode.swift; path = AppView.swift; sourceTree = "<group>"; };
		96B7ADAC2ACCB2A50067E637 /* HeaderView.swift */ = {isa = PBXFileReference; lastKnownFileType = sourcecode.swift; path = HeaderView.swift; sourceTree = "<group>"; };
/* End PBXFileReference section */

/* Begin PBXFrameworksBuildPhase section */
		96B7AD812ACCA59B0067E637 /* Frameworks */ = {
			isa = PBXFrameworksBuildPhase;
			buildActionMask = 2147483647;
			files = (
			);
			runOnlyForDeploymentPostprocessing = 0;
		};
/* End PBXFrameworksBuildPhase section */

/* Begin PBXGroup section */
		968FCB9F2ACD83FF00BF9324 /* Model */ = {
			isa = PBXGroup;
			children = (
				968FCBA02ACD842700BF9324 /* HeaderModel.swift */,
				968FCBA82ACD8D5E00BF9324 /* FactModel.swift */,
				968FCBAC2ACD8F0700BF9324 /* RecipeModel.swift */,
				968FCBBA2ACE62B300BF9324 /* RipeningModel.swift */,
			);
			path = Model;
			sourceTree = "<group>";
		};
		96B7AD7B2ACCA59B0067E637 = {
			isa = PBXGroup;
			children = (
				96B7AD862ACCA59B0067E637 /* Avocados */,
				96B7AD852ACCA59B0067E637 /* Products */,
			);
			sourceTree = "<group>";
		};
		96B7AD852ACCA59B0067E637 /* Products */ = {
			isa = PBXGroup;
			children = (
				96B7AD842ACCA59B0067E637 /* Avocados.app */,
			);
			name = Products;
			sourceTree = "<group>";
		};
		96B7AD862ACCA59B0067E637 /* Avocados */ = {
			isa = PBXGroup;
			children = (
				968FCB9F2ACD83FF00BF9324 /* Model */,
				96B7ADA02ACCA9590067E637 /* Info.plist */,
				96B7AD952ACCA5FF0067E637 /* Data */,
				96B7AD872ACCA59B0067E637 /* AvocadosApp.swift */,
				96B7ADA32ACCAD240067E637 /* View */,
				96B7AD8B2ACCA59E0067E637 /* Assets.xcassets */,
				96B7AD8D2ACCA59E0067E637 /* Preview Content */,
				96B7ADA12ACCAACF0067E637 /* Launch Screen.storyboard */,
			);
			path = Avocados;
			sourceTree = "<group>";
		};
		96B7AD8D2ACCA59E0067E637 /* Preview Content */ = {
			isa = PBXGroup;
			children = (
				96B7AD8E2ACCA59E0067E637 /* Preview Assets.xcassets */,
			);
			path = "Preview Content";
			sourceTree = "<group>";
		};
		96B7AD952ACCA5FF0067E637 /* Data */ = {
			isa = PBXGroup;
			children = (
				96B7AD962ACCA60D0067E637 /* Avocados.txt */,
				96B7AD9A2ACCA60F0067E637 /* FactData.txt */,
				96B7AD982ACCA60E0067E637 /* HeaderData.txt */,
				96B7AD972ACCA60E0067E637 /* RecipeData.txt */,
				96B7AD992ACCA60E0067E637 /* RipeningData.txt */,
				968FCBA22ACD849000BF9324 /* HeaderData.swift */,
				968FCBAA2ACD8D9200BF9324 /* FactData.swift */,
				968FCBAE2ACD8F5900BF9324 /* RecipeData.swift */,
				968FCBBC2ACED1C300BF9324 /* RipeningData.swift */,
			);
			path = Data;
			sourceTree = "<group>";
		};
		96B7ADA32ACCAD240067E637 /* View */ = {
			isa = PBXGroup;
			children = (
				96B7AD892ACCA59B0067E637 /* ContentView.swift */,
				96B7ADA42ACCAD3C0067E637 /* AvocadosView.swift */,
				96B7ADA62ACCAD5A0067E637 /* RipeningStagesView.swift */,
				96B7ADA82ACCAD710067E637 /* SettingsView.swift */,
				96B7ADAA2ACCAD8D0067E637 /* AppView.swift */,
				96B7ADAC2ACCB2A50067E637 /* HeaderView.swift */,
				968FCBA42ACD86A900BF9324 /* DishesView.swift */,
				968FCBA62ACD8B6600BF9324 /* FactsView.swift */,
				968FCBB02ACD8FAF00BF9324 /* RecipeCardView.swift */,
				968FCBB22ACD93AA00BF9324 /* RecipeRatingView.swift */,
				968FCBB42ACD941200BF9324 /* RecipeCookingView.swift */,
				968FCBB62ACD947400BF9324 /* RecipeDetailView.swift */,
				968FCBB82ACD999800BF9324 /* RipeningView.swift */,
			);
			path = View;
			sourceTree = "<group>";
		};
/* End PBXGroup section */

/* Begin PBXNativeTarget section */
		96B7AD832ACCA59B0067E637 /* Avocados */ = {
			isa = PBXNativeTarget;
			buildConfigurationList = 96B7AD922ACCA59E0067E637 /* Build configuration list for PBXNativeTarget "Avocados" */;
			buildPhases = (
				96B7AD802ACCA59B0067E637 /* Sources */,
				96B7AD812ACCA59B0067E637 /* Frameworks */,
				96B7AD822ACCA59B0067E637 /* Resources */,
			);
			buildRules = (
			);
			dependencies = (
			);
			name = Avocados;
			productName = Avocados;
			productReference = 96B7AD842ACCA59B0067E637 /* Avocados.app */;
			productType = "com.apple.product-type.application";
		};
/* End PBXNativeTarget section */

/* Begin PBXProject section */
		96B7AD7C2ACCA59B0067E637 /* Project object */ = {
			isa = PBXProject;
			attributes = {
				BuildIndependentTargetsInParallel = 1;
				LastSwiftUpdateCheck = 1500;
				LastUpgradeCheck = 1500;
				TargetAttributes = {
					96B7AD832ACCA59B0067E637 = {
						CreatedOnToolsVersion = 15.0;
					};
				};
			};
			buildConfigurationList = 96B7AD7F2ACCA59B0067E637 /* Build configuration list for PBXProject "Avocados" */;
			compatibilityVersion = "Xcode 14.0";
			developmentRegion = en;
			hasScannedForEncodings = 0;
			knownRegions = (
				en,
				Base,
			);
			mainGroup = 96B7AD7B2ACCA59B0067E637;
			productRefGroup = 96B7AD852ACCA59B0067E637 /* Products */;
			projectDirPath = "";
			projectRoot = "";
			targets = (
				96B7AD832ACCA59B0067E637 /* Avocados */,
			);
		};
/* End PBXProject section */

/* Begin PBXResourcesBuildPhase section */
		96B7AD822ACCA59B0067E637 /* Resources */ = {
			isa = PBXResourcesBuildPhase;
			buildActionMask = 2147483647;
			files = (
				96B7AD9B2ACCA60F0067E637 /* Avocados.txt in Resources */,
				96B7AD8F2ACCA59E0067E637 /* Preview Assets.xcassets in Resources */,
				96B7ADA22ACCAACF0067E637 /* Launch Screen.storyboard in Resources */,
				96B7AD9F2ACCA60F0067E637 /* FactData.txt in Resources */,
				96B7AD9C2ACCA60F0067E637 /* RecipeData.txt in Resources */,
				96B7AD8C2ACCA59E0067E637 /* Assets.xcassets in Resources */,
				96B7AD9E2ACCA60F0067E637 /* RipeningData.txt in Resources */,
				96B7AD9D2ACCA60F0067E637 /* HeaderData.txt in Resources */,
			);
			runOnlyForDeploymentPostprocessing = 0;
		};
/* End PBXResourcesBuildPhase section */

/* Begin PBXSourcesBuildPhase section */
		96B7AD802ACCA59B0067E637 /* Sources */ = {
			isa = PBXSourcesBuildPhase;
			buildActionMask = 2147483647;
			files = (
				96B7ADA92ACCAD710067E637 /* SettingsView.swift in Sources */,
				968FCBB32ACD93AA00BF9324 /* RecipeRatingView.swift in Sources */,
				968FCBBB2ACE62B300BF9324 /* RipeningModel.swift in Sources */,
				96B7AD8A2ACCA59B0067E637 /* ContentView.swift in Sources */,
				96B7ADAB2ACCAD8D0067E637 /* AppView.swift in Sources */,
				968FCBBD2ACED1C300BF9324 /* RipeningData.swift in Sources */,
				96B7ADA72ACCAD5A0067E637 /* RipeningStagesView.swift in Sources */,
				96B7AD882ACCA59B0067E637 /* AvocadosApp.swift in Sources */,
				96B7ADA52ACCAD3C0067E637 /* AvocadosView.swift in Sources */,
				968FCBA12ACD842700BF9324 /* HeaderModel.swift in Sources */,
				968FCBAD2ACD8F0700BF9324 /* RecipeModel.swift in Sources */,
				968FCBA32ACD849000BF9324 /* HeaderData.swift in Sources */,
				968FCBA52ACD86A900BF9324 /* DishesView.swift in Sources */,
				968FCBB52ACD941200BF9324 /* RecipeCookingView.swift in Sources */,
				968FCBB92ACD999900BF9324 /* RipeningView.swift in Sources */,
				968FCBA92ACD8D5E00BF9324 /* FactModel.swift in Sources */,
				968FCBA72ACD8B6600BF9324 /* FactsView.swift in Sources */,
				968FCBB12ACD8FAF00BF9324 /* RecipeCardView.swift in Sources */,
				968FCBAF2ACD8F5900BF9324 /* RecipeData.swift in Sources */,
				96B7ADAD2ACCB2A50067E637 /* HeaderView.swift in Sources */,
				968FCBB72ACD947400BF9324 /* RecipeDetailView.swift in Sources */,
				968FCBAB2ACD8D9200BF9324 /* FactData.swift in Sources */,
			);
			runOnlyForDeploymentPostprocessing = 0;
		};
/* End PBXSourcesBuildPhase section */

/* Begin XCBuildConfiguration section */
		96B7AD902ACCA59E0067E637 /* Debug */ = {
			isa = XCBuildConfiguration;
			buildSettings = {
				ALWAYS_SEARCH_USER_PATHS = NO;
				ASSETCATALOG_COMPILER_GENERATE_SWIFT_ASSET_SYMBOL_EXTENSIONS = YES;
				CLANG_ANALYZER_NONNULL = YES;
				CLANG_ANALYZER_NUMBER_OBJECT_CONVERSION = YES_AGGRESSIVE;
				CLANG_CXX_LANGUAGE_STANDARD = "gnu++20";
				CLANG_ENABLE_MODULES = YES;
				CLANG_ENABLE_OBJC_ARC = YES;
				CLANG_ENABLE_OBJC_WEAK = YES;
				CLANG_WARN_BLOCK_CAPTURE_AUTORELEASING = YES;
				CLANG_WARN_BOOL_CONVERSION = YES;
				CLANG_WARN_COMMA = YES;
				CLANG_WARN_CONSTANT_CONVERSION = YES;
				CLANG_WARN_DEPRECATED_OBJC_IMPLEMENTATIONS = YES;
				CLANG_WARN_DIRECT_OBJC_ISA_USAGE = YES_ERROR;
				CLANG_WARN_DOCUMENTATION_COMMENTS = YES;
				CLANG_WARN_EMPTY_BODY = YES;
				CLANG_WARN_ENUM_CONVERSION = YES;
				CLANG_WARN_INFINITE_RECURSION = YES;
				CLANG_WARN_INT_CONVERSION = YES;
				CLANG_WARN_NON_LITERAL_NULL_CONVERSION = YES;
				CLANG_WARN_OBJC_IMPLICIT_RETAIN_SELF = YES;
				CLANG_WARN_OBJC_LITERAL_CONVERSION = YES;
				CLANG_WARN_OBJC_ROOT_CLASS = YES_ERROR;
				CLANG_WARN_QUOTED_INCLUDE_IN_FRAMEWORK_HEADER = YES;
				CLANG_WARN_RANGE_LOOP_ANALYSIS = YES;
				CLANG_WARN_STRICT_PROTOTYPES = YES;
				CLANG_WARN_SUSPICIOUS_MOVE = YES;
				CLANG_WARN_UNGUARDED_AVAILABILITY = YES_AGGRESSIVE;
				CLANG_WARN_UNREACHABLE_CODE = YES;
				CLANG_WARN__DUPLICATE_METHOD_MATCH = YES;
				COPY_PHASE_STRIP = NO;
				DEBUG_INFORMATION_FORMAT = dwarf;
				ENABLE_STRICT_OBJC_MSGSEND = YES;
				ENABLE_TESTABILITY = YES;
				ENABLE_USER_SCRIPT_SANDBOXING = YES;
				GCC_C_LANGUAGE_STANDARD = gnu17;
				GCC_DYNAMIC_NO_PIC = NO;
				GCC_NO_COMMON_BLOCKS = YES;
				GCC_OPTIMIZATION_LEVEL = 0;
				GCC_PREPROCESSOR_DEFINITIONS = (
					"DEBUG=1",
					"$(inherited)",
				);
				GCC_WARN_64_TO_32_BIT_CONVERSION = YES;
				GCC_WARN_ABOUT_RETURN_TYPE = YES_ERROR;
				GCC_WARN_UNDECLARED_SELECTOR = YES;
				GCC_WARN_UNINITIALIZED_AUTOS = YES_AGGRESSIVE;
				GCC_WARN_UNUSED_FUNCTION = YES;
				GCC_WARN_UNUSED_VARIABLE = YES;
				IPHONEOS_DEPLOYMENT_TARGET = 17.0;
				LOCALIZATION_PREFERS_STRING_CATALOGS = YES;
				MTL_ENABLE_DEBUG_INFO = INCLUDE_SOURCE;
				MTL_FAST_MATH = YES;
				ONLY_ACTIVE_ARCH = YES;
				SDKROOT = iphoneos;
				SWIFT_ACTIVE_COMPILATION_CONDITIONS = "DEBUG $(inherited)";
				SWIFT_OPTIMIZATION_LEVEL = "-Onone";
			};
			name = Debug;
		};
		96B7AD912ACCA59E0067E637 /* Release */ = {
			isa = XCBuildConfiguration;
			buildSettings = {
				ALWAYS_SEARCH_USER_PATHS = NO;
				ASSETCATALOG_COMPILER_GENERATE_SWIFT_ASSET_SYMBOL_EXTENSIONS = YES;
				CLANG_ANALYZER_NONNULL = YES;
				CLANG_ANALYZER_NUMBER_OBJECT_CONVERSION = YES_AGGRESSIVE;
				CLANG_CXX_LANGUAGE_STANDARD = "gnu++20";
				CLANG_ENABLE_MODULES = YES;
				CLANG_ENABLE_OBJC_ARC = YES;
				CLANG_ENABLE_OBJC_WEAK = YES;
				CLANG_WARN_BLOCK_CAPTURE_AUTORELEASING = YES;
				CLANG_WARN_BOOL_CONVERSION = YES;
				CLANG_WARN_COMMA = YES;
				CLANG_WARN_CONSTANT_CONVERSION = YES;
				CLANG_WARN_DEPRECATED_OBJC_IMPLEMENTATIONS = YES;
				CLANG_WARN_DIRECT_OBJC_ISA_USAGE = YES_ERROR;
				CLANG_WARN_DOCUMENTATION_COMMENTS = YES;
				CLANG_WARN_EMPTY_BODY = YES;
				CLANG_WARN_ENUM_CONVERSION = YES;
				CLANG_WARN_INFINITE_RECURSION = YES;
				CLANG_WARN_INT_CONVERSION = YES;
				CLANG_WARN_NON_LITERAL_NULL_CONVERSION = YES;
				CLANG_WARN_OBJC_IMPLICIT_RETAIN_SELF = YES;
				CLANG_WARN_OBJC_LITERAL_CONVERSION = YES;
				CLANG_WARN_OBJC_ROOT_CLASS = YES_ERROR;
				CLANG_WARN_QUOTED_INCLUDE_IN_FRAMEWORK_HEADER = YES;
				CLANG_WARN_RANGE_LOOP_ANALYSIS = YES;
				CLANG_WARN_STRICT_PROTOTYPES = YES;
				CLANG_WARN_SUSPICIOUS_MOVE = YES;
				CLANG_WARN_UNGUARDED_AVAILABILITY = YES_AGGRESSIVE;
				CLANG_WARN_UNREACHABLE_CODE = YES;
				CLANG_WARN__DUPLICATE_METHOD_MATCH = YES;
				COPY_PHASE_STRIP = NO;
				DEBUG_INFORMATION_FORMAT = "dwarf-with-dsym";
				ENABLE_NS_ASSERTIONS = NO;
				ENABLE_STRICT_OBJC_MSGSEND = YES;
				ENABLE_USER_SCRIPT_SANDBOXING = YES;
				GCC_C_LANGUAGE_STANDARD = gnu17;
				GCC_NO_COMMON_BLOCKS = YES;
				GCC_WARN_64_TO_32_BIT_CONVERSION = YES;
				GCC_WARN_ABOUT_RETURN_TYPE = YES_ERROR;
				GCC_WARN_UNDECLARED_SELECTOR = YES;
				GCC_WARN_UNINITIALIZED_AUTOS = YES_AGGRESSIVE;
				GCC_WARN_UNUSED_FUNCTION = YES;
				GCC_WARN_UNUSED_VARIABLE = YES;
				IPHONEOS_DEPLOYMENT_TARGET = 17.0;
				LOCALIZATION_PREFERS_STRING_CATALOGS = YES;
				MTL_ENABLE_DEBUG_INFO = NO;
				MTL_FAST_MATH = YES;
				SDKROOT = iphoneos;
				SWIFT_COMPILATION_MODE = wholemodule;
				VALIDATE_PRODUCT = YES;
			};
			name = Release;
		};
		96B7AD932ACCA59E0067E637 /* Debug */ = {
			isa = XCBuildConfiguration;
			buildSettings = {
				ASSETCATALOG_COMPILER_APPICON_NAME = AppIcon;
				ASSETCATALOG_COMPILER_GLOBAL_ACCENT_COLOR_NAME = AccentColor;
				CODE_SIGN_STYLE = Automatic;
				CURRENT_PROJECT_VERSION = 1;
				DEVELOPMENT_ASSET_PATHS = "\"Avocados/Preview Content\"";
				DEVELOPMENT_TEAM = LZPABQ868H;
				ENABLE_PREVIEWS = YES;
				GENERATE_INFOPLIST_FILE = YES;
				INFOPLIST_FILE = Avocados/Info.plist;
				INFOPLIST_KEY_UIApplicationSceneManifest_Generation = YES;
				INFOPLIST_KEY_UIApplicationSupportsIndirectInputEvents = YES;
				INFOPLIST_KEY_UILaunchScreen_Generation = YES;
				INFOPLIST_KEY_UILaunchStoryboardName = "Launch Screen.storyboard";
				INFOPLIST_KEY_UISupportedInterfaceOrientations = UIInterfaceOrientationPortrait;
				INFOPLIST_KEY_UISupportedInterfaceOrientations_iPad = "UIInterfaceOrientationLandscapeLeft UIInterfaceOrientationLandscapeRight UIInterfaceOrientationPortrait UIInterfaceOrientationPortraitUpsideDown";
				LD_RUNPATH_SEARCH_PATHS = (
					"$(inherited)",
					"@executable_path/Frameworks",
				);
				MARKETING_VERSION = 1.0;
				PRODUCT_BUNDLE_IDENTIFIER = ca.jgdesigns.Avocados;
				PRODUCT_NAME = "$(TARGET_NAME)";
				SWIFT_EMIT_LOC_STRINGS = YES;
				SWIFT_VERSION = 5.0;
				TARGETED_DEVICE_FAMILY = "1,2";
			};
			name = Debug;
		};
		96B7AD942ACCA59E0067E637 /* Release */ = {
			isa = XCBuildConfiguration;
			buildSettings = {
				ASSETCATALOG_COMPILER_APPICON_NAME = AppIcon;
				ASSETCATALOG_COMPILER_GLOBAL_ACCENT_COLOR_NAME = AccentColor;
				CODE_SIGN_STYLE = Automatic;
				CURRENT_PROJECT_VERSION = 1;
				DEVELOPMENT_ASSET_PATHS = "\"Avocados/Preview Content\"";
				DEVELOPMENT_TEAM = LZPABQ868H;
				ENABLE_PREVIEWS = YES;
				GENERATE_INFOPLIST_FILE = YES;
				INFOPLIST_FILE = Avocados/Info.plist;
				INFOPLIST_KEY_UIApplicationSceneManifest_Generation = YES;
				INFOPLIST_KEY_UIApplicationSupportsIndirectInputEvents = YES;
				INFOPLIST_KEY_UILaunchScreen_Generation = YES;
				INFOPLIST_KEY_UILaunchStoryboardName = "Launch Screen.storyboard";
				INFOPLIST_KEY_UISupportedInterfaceOrientations = UIInterfaceOrientationPortrait;
				INFOPLIST_KEY_UISupportedInterfaceOrientations_iPad = "UIInterfaceOrientationLandscapeLeft UIInterfaceOrientationLandscapeRight UIInterfaceOrientationPortrait UIInterfaceOrientationPortraitUpsideDown";
				LD_RUNPATH_SEARCH_PATHS = (
					"$(inherited)",
					"@executable_path/Frameworks",
				);
				MARKETING_VERSION = 1.0;
				PRODUCT_BUNDLE_IDENTIFIER = ca.jgdesigns.Avocados;
				PRODUCT_NAME = "$(TARGET_NAME)";
				SWIFT_EMIT_LOC_STRINGS = YES;
				SWIFT_VERSION = 5.0;
				TARGETED_DEVICE_FAMILY = "1,2";
			};
			name = Release;
		};
/* End XCBuildConfiguration section */

/* Begin XCConfigurationList section */
		96B7AD7F2ACCA59B0067E637 /* Build configuration list for PBXProject "Avocados" */ = {
			isa = XCConfigurationList;
			buildConfigurations = (
				96B7AD902ACCA59E0067E637 /* Debug */,
				96B7AD912ACCA59E0067E637 /* Release */,
			);
			defaultConfigurationIsVisible = 0;
			defaultConfigurationName = Release;
		};
		96B7AD922ACCA59E0067E637 /* Build configuration list for PBXNativeTarget "Avocados" */ = {
			isa = XCConfigurationList;
			buildConfigurations = (
				96B7AD932ACCA59E0067E637 /* Debug */,
				96B7AD942ACCA59E0067E637 /* Release */,
			);
			defaultConfigurationIsVisible = 0;
			defaultConfigurationName = Release;
		};
/* End XCConfigurationList section */
	};
	rootObject = 96B7AD7C2ACCA59B0067E637 /* Project object */;
}
